PODS:
  - FlutterMacOS (1.0.0)
  - no_screenshot (0.3.2-beta.1):
    - FlutterMacOS

DEPENDENCIES:
  - FlutterMacOS (from `Flutter/ephemeral`)
  - no_screenshot (from `Flutter/ephemeral/.symlinks/plugins/no_screenshot/macos`)

EXTERNAL SOURCES:
  FlutterMacOS:
    :path: Flutter/ephemeral
  no_screenshot:
    :path: Flutter/ephemeral/.symlinks/plugins/no_screenshot/macos

SPEC CHECKSUMS:
  FlutterMacOS: 8f6f14fa908a6fb3fba0cd85dbd81ec4b251fb24
  no_screenshot: 4a0f580596f05c7986c714426cc3596ce2b2ca3d

PODFILE CHECKSUM: 236401fc2c932af29a9fcf0e97baeeb2d750d367

COCOAPODS: 1.15.2
