PODS:
  - FlutterMacOS (1.0.0)
  - no_screenshot (0.3.2-beta.3):
    - FlutterMacOS

DEPENDENCIES:
  - FlutterMacOS (from `Flutter/ephemeral`)
  - no_screenshot (from `Flutter/ephemeral/.symlinks/plugins/no_screenshot/macos`)

EXTERNAL SOURCES:
  FlutterMacOS:
    :path: Flutter/ephemeral
  no_screenshot:
    :path: Flutter/ephemeral/.symlinks/plugins/no_screenshot/macos

SPEC CHECKSUMS:
  FlutterMacOS: d0db08ddef1a9af05a5ec4b724367152bb0500b1
  no_screenshot: 6b7ccfe089b21d25fecd43e90bea2f0523c96e3b

PODFILE CHECKSUM: 9ebaf0ce3d369aaa26a9ea0e159195ed94724cf3

COCOAPODS: 1.16.2
